# This file is autogenerated, do not edit; changes may be undone by the next 'dep ensure'.


[[projects]]
  branch = "master"
  name = "github.com/mb-14/gomarkov"
  packages = ["."]
  revision = "1bd158c9a5f340cb9681fe881a60c354bb3fee41"

[solve-meta]
  analyzer-name = "dep"
  analyzer-version = 1
  inputs-digest = "9a272a99c7ba9ad065221eb4d3ad2d2c00770f3f1fb06cdfeadf5eae612bfc3a"
  solver-name = "gps-cdcl"
  solver-version = 1
